
Microsoft Visual Studio Solution File, Format Version 12.00
# Visual Studio Version 17
VisualStudioVersion = 17.14.36623.8
MinimumVisualStudioVersion = 10.0.40219.1
Project("{FAE04EC0-301F-11D3-BF4B-00C04F79EFBC}") = "ControleDeGastosAPI", "ControleDeGastosAPI.csproj", "{FD1184F0-1E8C-4CE8-89E0-27426089015A}"
EndProject
Global
	GlobalSection(SolutionConfigurationPlatforms) = preSolution
		Debug|Any CPU = Debug|Any CPU
		Release|Any CPU = Release|Any CPU
	EndGlobalSection
	GlobalSection(ProjectConfigurationPlatforms) = postSolution
		{FD1184F0-1E8C-4CE8-89E0-27426089015A}.Debug|Any CPU.ActiveCfg = Debug|Any CPU
		{FD1184F0-1E8C-4CE8-89E0-27426089015A}.Debug|Any CPU.Build.0 = Debug|Any CPU
		{FD1184F0-1E8C-4CE8-89E0-27426089015A}.Release|Any CPU.ActiveCfg = Release|Any CPU
		{FD1184F0-1E8C-4CE8-89E0-27426089015A}.Release|Any CPU.Build.0 = Release|Any CPU
	EndGlobalSection
	GlobalSection(SolutionProperties) = preSolution
		HideSolutionNode = FALSE
	EndGlobalSection
	GlobalSection(ExtensibilityGlobals) = postSolution
		SolutionGuid = {B3CAAD15-76E5-46CF-81AC-F9BCF9687D8B}
	EndGlobalSection
EndGlobal
